
Microsoft Visual Studio Solution File, Format Version 12.00
# Visual Studio 2013
VisualStudioVersion = 12.0.21005.1
MinimumVisualStudioVersion = 10.0.40219.1
Project("{FAE04EC0-301F-11D3-BF4B-00C04F79EFBC}") = "StudentSystem.Models", "StudentSystem.Models\StudentSystem.Models.csproj", "{4191A69F-7F76-4F12-BAFD-0BD61EC2EBE1}"
EndProject
Project("{FAE04EC0-301F-11D3-BF4B-00C04F79EFBC}") = "StudentSystem.Data", "StudentSystem.Data\StudentSystem.Data.csproj", "{6F24671D-7F77-4803-A9E3-881ECA1F1460}"
EndProject
Project("{FAE04EC0-301F-11D3-BF4B-00C04F79EFBC}") = "StudentSystem.Client", "StydentSystem.Client\StudentSystem.Client.csproj", "{FAE8B3C4-D91E-497F-BA73-CBD5ED15A3B7}"
EndProject
Global
	GlobalSection(SolutionConfigurationPlatforms) = preSolution
		Debug|Any CPU = Debug|Any CPU
		Release|Any CPU = Release|Any CPU
	EndGlobalSection
	GlobalSection(ProjectConfigurationPlatforms) = postSolution
		{4191A69F-7F76-4F12-BAFD-0BD61EC2EBE1}.Debug|Any CPU.ActiveCfg = Debug|Any CPU
		{4191A69F-7F76-4F12-BAFD-0BD61EC2EBE1}.Debug|Any CPU.Build.0 = Debug|Any CPU
		{4191A69F-7F76-4F12-BAFD-0BD61EC2EBE1}.Release|Any CPU.ActiveCfg = Release|Any CPU
		{4191A69F-7F76-4F12-BAFD-0BD61EC2EBE1}.Release|Any CPU.Build.0 = Release|Any CPU
		{6F24671D-7F77-4803-A9E3-881ECA1F1460}.Debug|Any CPU.ActiveCfg = Debug|Any CPU
		{6F24671D-7F77-4803-A9E3-881ECA1F1460}.Debug|Any CPU.Build.0 = Debug|Any CPU
		{6F24671D-7F77-4803-A9E3-881ECA1F1460}.Release|Any CPU.ActiveCfg = Release|Any CPU
		{6F24671D-7F77-4803-A9E3-881ECA1F1460}.Release|Any CPU.Build.0 = Release|Any CPU
		{FAE8B3C4-D91E-497F-BA73-CBD5ED15A3B7}.Debug|Any CPU.ActiveCfg = Debug|Any CPU
		{FAE8B3C4-D91E-497F-BA73-CBD5ED15A3B7}.Debug|Any CPU.Build.0 = Debug|Any CPU
		{FAE8B3C4-D91E-497F-BA73-CBD5ED15A3B7}.Release|Any CPU.ActiveCfg = Release|Any CPU
		{FAE8B3C4-D91E-497F-BA73-CBD5ED15A3B7}.Release|Any CPU.Build.0 = Release|Any CPU
	EndGlobalSection
	GlobalSection(SolutionProperties) = preSolution
		HideSolutionNode = FALSE
	EndGlobalSection
EndGlobal
